# This file is automatically @generated by Cargo.
# It is not intended for manual editing.
version = 3

[[package]]
name = "ahash"
version = "0.8.3"
source = "registry+https://github.com/rust-lang/crates.io-index"
checksum = "2c99f64d1e06488f620f932677e24bc6e2897582980441ae90a671415bd7ec2f"
dependencies = [
 "cfg-if",
 "once_cell",
 "version_check",
]

[[package]]
name = "allocator-api2"
version = "0.2.16"
source = "registry+https://github.com/rust-lang/crates.io-index"
checksum = "0942ffc6dcaadf03badf6e6a2d0228460359d5e34b57ccdc720b7382dfbd5ec5"

[[package]]
name = "app"
version = "0.1.0"
dependencies = [
 "cortex-m",
 "cortex-m-rt",
 "datalogger",
 "embedded-alloc",
 "embedded-hal",
 "nb 1.1.0",
 "panic-abort",
 "rriv_board",
 "rriv_board_0_4_2",
 "rtt-target",
 "stm32f1xx-hal",
 "unwrap-infallible",
]

[[package]]
name = "atomic-polyfill"
version = "1.0.3"
source = "registry+https://github.com/rust-lang/crates.io-index"
checksum = "8cf2bce30dfe09ef0bfaef228b9d414faaf7e563035494d7fe092dba54b300f4"
dependencies = [
 "critical-section",
]

[[package]]
name = "autocfg"
version = "1.1.0"
source = "registry+https://github.com/rust-lang/crates.io-index"
checksum = "d468802bab17cbc0cc575e9b053f41e72aa36bfa6b7f55e3529ffa43161b97fa"

[[package]]
name = "bare-metal"
version = "0.2.5"
source = "registry+https://github.com/rust-lang/crates.io-index"
checksum = "5deb64efa5bd81e31fcd1938615a6d98c82eafcbcd787162b6f63b91d6bac5b3"
dependencies = [
 "rustc_version 0.2.3",
]

[[package]]
name = "bare-metal"
version = "1.0.0"
source = "registry+https://github.com/rust-lang/crates.io-index"
checksum = "f8fe8f5a8a398345e52358e18ff07cc17a568fbca5c6f73873d3a62056309603"

[[package]]
name = "bitfield"
version = "0.13.2"
source = "registry+https://github.com/rust-lang/crates.io-index"
checksum = "46afbd2983a5d5a7bd740ccb198caf5b82f45c40c09c0eed36052d91cb92e719"

[[package]]
name = "bitflags"
version = "1.3.2"
source = "registry+https://github.com/rust-lang/crates.io-index"
checksum = "bef38d45163c2f1dde094a7dfd33ccf595c92905c8f8f4fdc18d06fb1037718a"

[[package]]
name = "bitflags"
version = "2.4.1"
source = "registry+https://github.com/rust-lang/crates.io-index"
checksum = "327762f6e5a765692301e5bb513e0d9fef63be86bbc14528052b1cd3e6f03e07"

[[package]]
name = "bxcan"
version = "0.7.0"
source = "registry+https://github.com/rust-lang/crates.io-index"
checksum = "40ac3d0c0a542d0ab5521211f873f62706a7136df415676f676d347e5a41dd80"
dependencies = [
 "bitflags 1.3.2",
 "embedded-hal",
 "nb 1.1.0",
 "vcell",
]

[[package]]
name = "byteorder"
version = "1.5.0"
source = "registry+https://github.com/rust-lang/crates.io-index"
checksum = "1fd0f2584146f6f2ef48085050886acf353beff7305ebd1ae69500e27c67f64b"

[[package]]
name = "cfg-if"
version = "1.0.0"
source = "registry+https://github.com/rust-lang/crates.io-index"
checksum = "baf1de4339761588bc0619e3cbc0120ee582ebb74b53b4efbf79117bd2da40fd"

[[package]]
name = "control_interface"
version = "0.1.0"
dependencies = [
 "embedded-alloc",
 "hashbrown",
 "rtt-target",
]

[[package]]
name = "cortex-m"
version = "0.7.7"
source = "registry+https://github.com/rust-lang/crates.io-index"
checksum = "8ec610d8f49840a5b376c69663b6369e71f4b34484b9b2eb29fb918d92516cb9"
dependencies = [
 "bare-metal 0.2.5",
 "bitfield",
 "critical-section",
 "embedded-hal",
 "volatile-register",
]

[[package]]
name = "cortex-m-rt"
version = "0.7.3"
source = "registry+https://github.com/rust-lang/crates.io-index"
checksum = "ee84e813d593101b1723e13ec38b6ab6abbdbaaa4546553f5395ed274079ddb1"
dependencies = [
 "cortex-m-rt-macros",
]

[[package]]
name = "cortex-m-rt-macros"
version = "0.7.0"
source = "registry+https://github.com/rust-lang/crates.io-index"
checksum = "f0f6f3e36f203cfedbc78b357fb28730aa2c6dc1ab060ee5c2405e843988d3c7"
dependencies = [
 "proc-macro2",
 "quote",
 "syn 1.0.109",
]

[[package]]
name = "critical-section"
version = "1.1.2"
source = "registry+https://github.com/rust-lang/crates.io-index"
checksum = "7059fff8937831a9ae6f0fe4d658ffabf58f2ca96aa9dec1c889f936f705f216"

[[package]]
name = "datalogger"
version = "0.1.0"
dependencies = [
 "bitflags 2.4.1",
 "control_interface",
 "hashbrown",
 "rriv_board",
 "rtt-target",
 "serde",
 "serde_json",
]

[[package]]
name = "embedded-alloc"
version = "0.5.0"
source = "registry+https://github.com/rust-lang/crates.io-index"
checksum = "8931e47e33c5d3194fbcf9cc82df0919193bd2fa40008f388eb1d28fd9c9ea6b"
dependencies = [
 "critical-section",
 "linked_list_allocator",
]

[[package]]
name = "embedded-dma"
version = "0.2.0"
source = "registry+https://github.com/rust-lang/crates.io-index"
checksum = "994f7e5b5cb23521c22304927195f236813053eb9c065dd2226a32ba64695446"
dependencies = [
 "stable_deref_trait",
]

[[package]]
name = "embedded-hal"
version = "0.2.7"
source = "registry+https://github.com/rust-lang/crates.io-index"
checksum = "35949884794ad573cf46071e41c9b60efb0cb311e3ca01f7af807af1debc66ff"
dependencies = [
 "nb 0.1.3",
 "void",
]

[[package]]
name = "embedded-sdmmc"
version = "0.6.0"
source = "registry+https://github.com/rust-lang/crates.io-index"
checksum = "3778099e48fedd6b81048e1d84f60db663124f5c6e22fcef495040b9d51fe06a"
dependencies = [
 "byteorder",
 "embedded-hal",
 "heapless",
 "log",
]

[[package]]
name = "fugit"
version = "0.3.7"
source = "registry+https://github.com/rust-lang/crates.io-index"
checksum = "17186ad64927d5ac8f02c1e77ccefa08ccd9eaa314d5a4772278aa204a22f7e7"
dependencies = [
 "gcd",
]

[[package]]
name = "fugit-timer"
version = "0.1.3"
source = "registry+https://github.com/rust-lang/crates.io-index"
checksum = "d9607bfc4c388f9d629704f56ede4a007546cad417b3bcd6fc7c87dc7edce04a"
dependencies = [
 "fugit",
 "nb 1.1.0",
]

[[package]]
name = "gcd"
version = "2.3.0"
source = "registry+https://github.com/rust-lang/crates.io-index"
checksum = "1d758ba1b47b00caf47f24925c0074ecb20d6dfcffe7f6d53395c0465674841a"

[[package]]
name = "hash32"
version = "0.2.1"
source = "registry+https://github.com/rust-lang/crates.io-index"
checksum = "b0c35f58762feb77d74ebe43bdbc3210f09be9fe6742234d573bacc26ed92b67"
dependencies = [
 "byteorder",
]

[[package]]
name = "hashbrown"
version = "0.14.0"
source = "registry+https://github.com/rust-lang/crates.io-index"
checksum = "2c6201b9ff9fd90a5a3bac2e56a830d0caa509576f0e503818ee82c181b3437a"
dependencies = [
 "ahash",
 "allocator-api2",
]

[[package]]
name = "heapless"
version = "0.7.17"
source = "registry+https://github.com/rust-lang/crates.io-index"
checksum = "cdc6457c0eb62c71aac4bc17216026d8410337c4126773b9c5daba343f17964f"
dependencies = [
 "atomic-polyfill",
 "hash32",
 "rustc_version 0.4.0",
 "spin",
 "stable_deref_trait",
]

[[package]]
name = "itoa"
version = "1.0.9"
source = "registry+https://github.com/rust-lang/crates.io-index"
checksum = "af150ab688ff2122fcef229be89cb50dd66af9e01a4ff320cc137eecc9bacc38"

[[package]]
name = "linked_list_allocator"
version = "0.10.5"
source = "registry+https://github.com/rust-lang/crates.io-index"
checksum = "9afa463f5405ee81cdb9cc2baf37e08ec7e4c8209442b5d72c04cfb2cd6e6286"

[[package]]
name = "lock_api"
version = "0.4.11"
source = "registry+https://github.com/rust-lang/crates.io-index"
checksum = "3c168f8615b12bc01f9c17e2eb0cc07dcae1940121185446edc3744920e8ef45"
dependencies = [
 "autocfg",
 "scopeguard",
]

[[package]]
name = "log"
version = "0.4.19"
source = "registry+https://github.com/rust-lang/crates.io-index"
checksum = "b06a4cde4c0f271a446782e3eff8de789548ce57dbc8eca9292c27f4a42004b4"

[[package]]
name = "nb"
version = "0.1.3"
source = "registry+https://github.com/rust-lang/crates.io-index"
checksum = "801d31da0513b6ec5214e9bf433a77966320625a37860f910be265be6e18d06f"
dependencies = [
 "nb 1.1.0",
]

[[package]]
name = "nb"
version = "1.1.0"
source = "registry+https://github.com/rust-lang/crates.io-index"
checksum = "8d5439c4ad607c3c23abf66de8c8bf57ba8adcd1f129e699851a6e43935d339d"

[[package]]
name = "once_cell"
version = "1.18.0"
source = "registry+https://github.com/rust-lang/crates.io-index"
checksum = "dd8b5dd2ae5ed71462c540258bedcb51965123ad7e7ccf4b9a8cafaa4a63576d"

[[package]]
name = "panic-abort"
version = "0.3.2"
source = "registry+https://github.com/rust-lang/crates.io-index"
checksum = "4e20e6499bbbc412f280b04a42346b356c6fa0753d5fd22b7bd752ff34c778ee"

[[package]]
name = "panic-halt"
version = "0.2.0"
source = "registry+https://github.com/rust-lang/crates.io-index"
checksum = "de96540e0ebde571dc55c73d60ef407c653844e6f9a1e2fdbd40c07b9252d812"

[[package]]
name = "proc-macro2"
version = "1.0.66"
source = "registry+https://github.com/rust-lang/crates.io-index"
checksum = "18fb31db3f9bddb2ea821cde30a9f70117e3f119938b5ee630b7403aa6e2ead9"
dependencies = [
 "unicode-ident",
]

[[package]]
name = "quote"
version = "1.0.32"
source = "registry+https://github.com/rust-lang/crates.io-index"
checksum = "50f3b39ccfb720540debaa0164757101c08ecb8d326b15358ce76a62c7e85965"
dependencies = [
 "proc-macro2",
]

[[package]]
name = "rriv_board"
version = "0.1.0"

[[package]]
name = "rriv_board_0_4_2"
version = "0.1.0"
dependencies = [
 "cortex-m",
 "cortex-m-rt",
 "embedded-hal",
 "embedded-sdmmc",
 "nb 1.1.0",
 "panic-halt",
 "rriv_board",
 "rtt-target",
 "stm32f1xx-hal",
 "unwrap-infallible",
 "usb-device",
 "usbd-serial",
]

[[package]]
name = "rtt-target"
version = "0.4.0"
source = "registry+https://github.com/rust-lang/crates.io-index"
checksum = "3afa12c77ba1b9bf560e4039a9b9a08bb9cde0e9e6923955eeb917dd8d5cf303"
dependencies = [
 "critical-section",
 "ufmt-write",
]

[[package]]
name = "rustc_version"
version = "0.2.3"
source = "registry+https://github.com/rust-lang/crates.io-index"
checksum = "138e3e0acb6c9fb258b19b67cb8abd63c00679d2851805ea151465464fe9030a"
dependencies = [
 "semver 0.9.0",
]

[[package]]
name = "rustc_version"
version = "0.4.0"
source = "registry+https://github.com/rust-lang/crates.io-index"
checksum = "bfa0f585226d2e68097d4f95d113b15b83a82e819ab25717ec0590d9584ef366"
dependencies = [
 "semver 1.0.20",
]

[[package]]
name = "ryu"
version = "1.0.15"
source = "registry+https://github.com/rust-lang/crates.io-index"
checksum = "1ad4cc8da4ef723ed60bced201181d83791ad433213d8c24efffda1eec85d741"

[[package]]
name = "scopeguard"
version = "1.2.0"
source = "registry+https://github.com/rust-lang/crates.io-index"
checksum = "94143f37725109f92c262ed2cf5e59bce7498c01bcc1502d7b9afe439a4e9f49"

[[package]]
name = "semver"
version = "0.9.0"
source = "registry+https://github.com/rust-lang/crates.io-index"
checksum = "1d7eb9ef2c18661902cc47e535f9bc51b78acd254da71d375c2f6720d9a40403"
dependencies = [
 "semver-parser",
]

[[package]]
name = "semver"
version = "1.0.20"
source = "registry+https://github.com/rust-lang/crates.io-index"
checksum = "836fa6a3e1e547f9a2c4040802ec865b5d85f4014efe00555d7090a3dcaa1090"

[[package]]
name = "semver-parser"
version = "0.7.0"
source = "registry+https://github.com/rust-lang/crates.io-index"
checksum = "388a1df253eca08550bef6c72392cfe7c30914bf41df5269b68cbd6ff8f570a3"

[[package]]
name = "serde"
version = "1.0.188"
source = "registry+https://github.com/rust-lang/crates.io-index"
checksum = "cf9e0fcba69a370eed61bcf2b728575f726b50b55cba78064753d708ddc7549e"
dependencies = [
 "serde_derive",
]

[[package]]
name = "serde_derive"
version = "1.0.188"
source = "registry+https://github.com/rust-lang/crates.io-index"
checksum = "4eca7ac642d82aa35b60049a6eccb4be6be75e599bd2e9adb5f875a737654af2"
dependencies = [
 "proc-macro2",
 "quote",
 "syn 2.0.28",
]

[[package]]
name = "serde_json"
version = "1.0.104"
source = "registry+https://github.com/rust-lang/crates.io-index"
checksum = "076066c5f1078eac5b722a31827a8832fe108bed65dfa75e233c89f8206e976c"
dependencies = [
 "itoa",
 "ryu",
 "serde",
]

[[package]]
name = "spin"
version = "0.9.8"
source = "registry+https://github.com/rust-lang/crates.io-index"
checksum = "6980e8d7511241f8acf4aebddbb1ff938df5eebe98691418c4468d0b72a96a67"
dependencies = [
 "lock_api",
]

[[package]]
name = "stable_deref_trait"
version = "1.2.0"
source = "registry+https://github.com/rust-lang/crates.io-index"
checksum = "a8f112729512f8e442d81f95a8a7ddf2b7c6b8a1a6f509a95864142b30cab2d3"

[[package]]
name = "stm32-usbd"
version = "0.6.0"
source = "registry+https://github.com/rust-lang/crates.io-index"
checksum = "c6c94998f166d66b210a164648a0b7866428d8f1e0740bf8a4c5edd89d4750c1"
dependencies = [
 "cortex-m",
 "usb-device",
 "vcell",
]

[[package]]
name = "stm32f1"
version = "0.15.1"
source = "registry+https://github.com/rust-lang/crates.io-index"
checksum = "f2dc80735831c28fe85384e1e28428fb6d201f67c696e369a239ed9c5eba369d"
dependencies = [
 "bare-metal 1.0.0",
 "cortex-m",
 "cortex-m-rt",
 "vcell",
]

[[package]]
name = "stm32f1xx-hal"
version = "0.10.0"
source = "registry+https://github.com/rust-lang/crates.io-index"
checksum = "30845662b9ce46a2ec04da97666a2b32458bee5032bb0452d0caf1536a96a542"
dependencies = [
 "bitflags 1.3.2",
 "bxcan",
 "cortex-m",
 "cortex-m-rt",
 "embedded-dma",
 "embedded-hal",
 "fugit",
 "fugit-timer",
 "nb 1.1.0",
 "stm32-usbd",
 "stm32f1",
 "void",
]

[[package]]
name = "syn"
version = "1.0.109"
source = "registry+https://github.com/rust-lang/crates.io-index"
checksum = "72b64191b275b66ffe2469e8af2c1cfe3bafa67b529ead792a6d0160888b4237"
dependencies = [
 "proc-macro2",
 "quote",
 "unicode-ident",
]

[[package]]
name = "syn"
version = "2.0.28"
source = "registry+https://github.com/rust-lang/crates.io-index"
checksum = "04361975b3f5e348b2189d8dc55bc942f278b2d482a6a0365de5bdd62d351567"
dependencies = [
 "proc-macro2",
 "quote",
 "unicode-ident",
]

[[package]]
name = "ufmt-write"
version = "0.1.0"
source = "registry+https://github.com/rust-lang/crates.io-index"
checksum = "e87a2ed6b42ec5e28cc3b94c09982969e9227600b2e3dcbc1db927a84c06bd69"

[[package]]
name = "unicode-ident"
version = "1.0.11"
source = "registry+https://github.com/rust-lang/crates.io-index"
checksum = "301abaae475aa91687eb82514b328ab47a211a533026cb25fc3e519b86adfc3c"

[[package]]
name = "unwrap-infallible"
version = "0.1.5"
source = "registry+https://github.com/rust-lang/crates.io-index"
checksum = "151ac09978d3c2862c4e39b557f4eceee2cc72150bc4cb4f16abf061b6e381fb"

[[package]]
name = "usb-device"
version = "0.2.9"
source = "registry+https://github.com/rust-lang/crates.io-index"
checksum = "1f6cc3adc849b5292b4075fc0d5fdcf2f24866e88e336dd27a8943090a520508"

[[package]]
name = "usbd-serial"
version = "0.1.1"
source = "registry+https://github.com/rust-lang/crates.io-index"
checksum = "db75519b86287f12dcf0d171c7cf4ecc839149fe9f3b720ac4cfce52959e1dfe"
dependencies = [
 "embedded-hal",
 "nb 0.1.3",
 "usb-device",
]

[[package]]
name = "vcell"
version = "0.1.3"
source = "registry+https://github.com/rust-lang/crates.io-index"
checksum = "77439c1b53d2303b20d9459b1ade71a83c716e3f9c34f3228c00e6f185d6c002"

[[package]]
name = "version_check"
version = "0.9.4"
source = "registry+https://github.com/rust-lang/crates.io-index"
checksum = "49874b5167b65d7193b8aba1567f5c7d93d001cafc34600cee003eda787e483f"

[[package]]
name = "void"
version = "1.0.2"
source = "registry+https://github.com/rust-lang/crates.io-index"
checksum = "6a02e4885ed3bc0f2de90ea6dd45ebcbb66dacffe03547fadbb0eeae2770887d"

[[package]]
name = "volatile-register"
version = "0.2.1"
source = "registry+https://github.com/rust-lang/crates.io-index"
checksum = "9ee8f19f9d74293faf70901bc20ad067dc1ad390d2cbf1e3f75f721ffee908b6"
dependencies = [
 "vcell",
]
